// !$*UTF8*$!
{
	archiveVersion = 1;
	classes = {
	};
	objectVersion = 50;
	objects = {

/* Begin PBXBuildFile section */
		FFA258B521DF5BD6007741E2 /* AppDelegate.swift in Sources */ = {isa = PBXBuildFile; fileRef = FFA258B421DF5BD6007741E2 /* AppDelegate.swift */; };
		FFA258B721DF5BD6007741E2 /* ViewController.swift in Sources */ = {isa = PBXBuildFile; fileRef = FFA258B621DF5BD6007741E2 /* ViewController.swift */; };
		FFA258BA21DF5BD6007741E2 /* Main.storyboard in Resources */ = {isa = PBXBuildFile; fileRef = FFA258B821DF5BD6007741E2 /* Main.storyboard */; };
		FFA258BC21DF5BD6007741E2 /* Assets.xcassets in Resources */ = {isa = PBXBuildFile; fileRef = FFA258BB21DF5BD6007741E2 /* Assets.xcassets */; };
		FFA258BF21DF5BD6007741E2 /* LaunchScreen.storyboard in Resources */ = {isa = PBXBuildFile; fileRef = FFA258BD21DF5BD6007741E2 /* LaunchScreen.storyboard */; };
		FFA258C721DF68B4007741E2 /* UIViewExtension.swift in Sources */ = {isa = PBXBuildFile; fileRef = FFA258C621DF68B4007741E2 /* UIViewExtension.swift */; };
/* End PBXBuildFile section */

/* Begin PBXFileReference section */
		FFA258B121DF5BD5007741E2 /* UIViewPropertyAnimator.app */ = {isa = PBXFileReference; explicitFileType = wrapper.application; includeInIndex = 0; path = UIViewPropertyAnimator.app; sourceTree = BUILT_PRODUCTS_DIR; };
		FFA258B421DF5BD6007741E2 /* AppDelegate.swift */ = {isa = PBXFileReference; lastKnownFileType = sourcecode.swift; path = AppDelegate.swift; sourceTree = "<group>"; };
		FFA258B621DF5BD6007741E2 /* ViewController.swift */ = {isa = PBXFileReference; lastKnownFileType = sourcecode.swift; path = ViewController.swift; sourceTree = "<group>"; };
		FFA258B921DF5BD6007741E2 /* Base */ = {isa = PBXFileReference; lastKnownFileType = file.storyboard; name = Base; path = Base.lproj/Main.storyboard; sourceTree = "<group>"; };
		FFA258BB21DF5BD6007741E2 /* Assets.xcassets */ = {isa = PBXFileReference; lastKnownFileType = folder.assetcatalog; path = Assets.xcassets; sourceTree = "<group>"; };
		FFA258BE21DF5BD6007741E2 /* Base */ = {isa = PBXFileReference; lastKnownFileType = file.storyboard; name = Base; path = Base.lproj/LaunchScreen.storyboard; sourceTree = "<group>"; };
		FFA258C021DF5BD6007741E2 /* Info.plist */ = {isa = PBXFileReference; lastKnownFileType = text.plist.xml; path = Info.plist; sourceTree = "<group>"; };
		FFA258C621DF68B4007741E2 /* UIViewExtension.swift */ = {isa = PBXFileReference; lastKnownFileType = sourcecode.swift; path = UIViewExtension.swift; sourceTree = "<group>"; };
/* End PBXFileReference section */

/* Begin PBXFrameworksBuildPhase section */
		FFA258AE21DF5BD5007741E2 /* Frameworks */ = {
			isa = PBXFrameworksBuildPhase;
			buildActionMask = 2147483647;
			files = (
			);
			runOnlyForDeploymentPostprocessing = 0;
		};
/* End PBXFrameworksBuildPhase section */

/* Begin PBXGroup section */
		FFA258A821DF5BD5007741E2 = {
			isa = PBXGroup;
			children = (
				FFA258B321DF5BD5007741E2 /* UIViewPropertyAnimator */,
				FFA258B221DF5BD5007741E2 /* Products */,
			);
			sourceTree = "<group>";
		};
		FFA258B221DF5BD5007741E2 /* Products */ = {
			isa = PBXGroup;
			children = (
				FFA258B121DF5BD5007741E2 /* UIViewPropertyAnimator.app */,
			);
			name = Products;
			sourceTree = "<group>";
		};
		FFA258B321DF5BD5007741E2 /* UIViewPropertyAnimator */ = {
			isa = PBXGroup;
			children = (
				FFA258B421DF5BD6007741E2 /* AppDelegate.swift */,
				FFA258B621DF5BD6007741E2 /* ViewController.swift */,
				FFA258C621DF68B4007741E2 /* UIViewExtension.swift */,
				FFA258B821DF5BD6007741E2 /* Main.storyboard */,
				FFA258BB21DF5BD6007741E2 /* Assets.xcassets */,
				FFA258BD21DF5BD6007741E2 /* LaunchScreen.storyboard */,
				FFA258C021DF5BD6007741E2 /* Info.plist */,
			);
			path = UIViewPropertyAnimator;
			sourceTree = "<group>";
		};
/* End PBXGroup section */

/* Begin PBXNativeTarget section */
		FFA258B021DF5BD5007741E2 /* UIViewPropertyAnimator */ = {
			isa = PBXNativeTarget;
			buildConfigurationList = FFA258C321DF5BD6007741E2 /* Build configuration list for PBXNativeTarget "UIViewPropertyAnimator" */;
			buildPhases = (
				FFA258AD21DF5BD5007741E2 /* Sources */,
				FFA258AE21DF5BD5007741E2 /* Frameworks */,
				FFA258AF21DF5BD5007741E2 /* Resources */,
			);
			buildRules = (
			);
			dependencies = (
			);
			name = UIViewPropertyAnimator;
			productName = UIViewPropertyAnimator;
			productReference = FFA258B121DF5BD5007741E2 /* UIViewPropertyAnimator.app */;
			productType = "com.apple.product-type.application";
		};
/* End PBXNativeTarget section */

/* Begin PBXProject section */
		FFA258A921DF5BD5007741E2 /* Project object */ = {
			isa = PBXProject;
			attributes = {
				LastSwiftUpdateCheck = 1010;
				LastUpgradeCheck = 1010;
				ORGANIZATIONNAME = "Ujjwal Verma";
				TargetAttributes = {
					FFA258B021DF5BD5007741E2 = {
						CreatedOnToolsVersion = 10.1;
					};
				};
			};
			buildConfigurationList = FFA258AC21DF5BD5007741E2 /* Build configuration list for PBXProject "UIViewPropertyAnimator" */;
			compatibilityVersion = "Xcode 9.3";
			developmentRegion = en;
			hasScannedForEncodings = 0;
			knownRegions = (
				en,
				Base,
			);
			mainGroup = FFA258A821DF5BD5007741E2;
			productRefGroup = FFA258B221DF5BD5007741E2 /* Products */;
			projectDirPath = "";
			projectRoot = "";
			targets = (
				FFA258B021DF5BD5007741E2 /* UIViewPropertyAnimator */,
			);
		};
/* End PBXProject section */

/* Begin PBXResourcesBuildPhase section */
		FFA258AF21DF5BD5007741E2 /* Resources */ = {
			isa = PBXResourcesBuildPhase;
			buildActionMask = 2147483647;
			files = (
				FFA258BF21DF5BD6007741E2 /* LaunchScreen.storyboard in Resources */,
				FFA258BC21DF5BD6007741E2 /* Assets.xcassets in Resources */,
				FFA258BA21DF5BD6007741E2 /* Main.storyboard in Resources */,
			);
			runOnlyForDeploymentPostprocessing = 0;
		};
/* End PBXResourcesBuildPhase section */

/* Begin PBXSourcesBuildPhase section */
		FFA258AD21DF5BD5007741E2 /* Sources */ = {
			isa = PBXSourcesBuildPhase;
			buildActionMask = 2147483647;
			files = (
				FFA258C721DF68B4007741E2 /* UIViewExtension.swift in Sources */,
				FFA258B721DF5BD6007741E2 /* ViewController.swift in Sources */,
				FFA258B521DF5BD6007741E2 /* AppDelegate.swift in Sources */,
			);
			runOnlyForDeploymentPostprocessing = 0;
		};
/* End PBXSourcesBuildPhase section */

/* Begin PBXVariantGroup section */
		FFA258B821DF5BD6007741E2 /* Main.storyboard */ = {
			isa = PBXVariantGroup;
			children = (
				FFA258B921DF5BD6007741E2 /* Base */,
			);
			name = Main.storyboard;
			sourceTree = "<group>";
		};
		FFA258BD21DF5BD6007741E2 /* LaunchScreen.storyboard */ = {
			isa = PBXVariantGroup;
			children = (
				FFA258BE21DF5BD6007741E2 /* Base */,
			);
			name = LaunchScreen.storyboard;
			sourceTree = "<group>";
		};
/* End PBXVariantGroup section */

/* Begin XCBuildConfiguration section */
		FFA258C121DF5BD6007741E2 /* Debug */ = {
			isa = XCBuildConfiguration;
			buildSettings = {
				ALWAYS_SEARCH_USER_PATHS = NO;
				CLANG_ANALYZER_NONNULL = YES;
				CLANG_ANALYZER_NUMBER_OBJECT_CONVERSION = YES_AGGRESSIVE;
				CLANG_CXX_LANGUAGE_STANDARD = "gnu++14";
				CLANG_CXX_LIBRARY = "libc++";
				CLANG_ENABLE_MODULES = YES;
				CLANG_ENABLE_OBJC_ARC = YES;
				CLANG_ENABLE_OBJC_WEAK = YES;
				CLANG_WARN_BLOCK_CAPTURE_AUTORELEASING = YES;
				CLANG_WARN_BOOL_CONVERSION = YES;
				CLANG_WARN_COMMA = YES;
				CLANG_WARN_CONSTANT_CONVERSION = YES;
				CLANG_WARN_DEPRECATED_OBJC_IMPLEMENTATIONS = YES;
				CLANG_WARN_DIRECT_OBJC_ISA_USAGE = YES_ERROR;
				CLANG_WARN_DOCUMENTATION_COMMENTS = YES;
				CLANG_WARN_EMPTY_BODY = YES;
				CLANG_WARN_ENUM_CONVERSION = YES;
				CLANG_WARN_INFINITE_RECURSION = YES;
				CLANG_WARN_INT_CONVERSION = YES;
				CLANG_WARN_NON_LITERAL_NULL_CONVERSION = YES;
				CLANG_WARN_OBJC_IMPLICIT_RETAIN_SELF = YES;
				CLANG_WARN_OBJC_LITERAL_CONVERSION = YES;
				CLANG_WARN_OBJC_ROOT_CLASS = YES_ERROR;
				CLANG_WARN_RANGE_LOOP_ANALYSIS = YES;
				CLANG_WARN_STRICT_PROTOTYPES = YES;
				CLANG_WARN_SUSPICIOUS_MOVE = YES;
				CLANG_WARN_UNGUARDED_AVAILABILITY = YES_AGGRESSIVE;
				CLANG_WARN_UNREACHABLE_CODE = YES;
				CLANG_WARN__DUPLICATE_METHOD_MATCH = YES;
				CODE_SIGN_IDENTITY = "iPhone Developer";
				COPY_PHASE_STRIP = NO;
				DEBUG_INFORMATION_FORMAT = dwarf;
				ENABLE_STRICT_OBJC_MSGSEND = YES;
				ENABLE_TESTABILITY = YES;
				GCC_C_LANGUAGE_STANDARD = gnu11;
				GCC_DYNAMIC_NO_PIC = NO;
				GCC_NO_COMMON_BLOCKS = YES;
				GCC_OPTIMIZATION_LEVEL = 0;
				GCC_PREPROCESSOR_DEFINITIONS = (
					"DEBUG=1",
					"$(inherited)",
				);
				GCC_WARN_64_TO_32_BIT_CONVERSION = YES;
				GCC_WARN_ABOUT_RETURN_TYPE = YES_ERROR;
				GCC_WARN_UNDECLARED_SELECTOR = YES;
				GCC_WARN_UNINITIALIZED_AUTOS = YES_AGGRESSIVE;
				GCC_WARN_UNUSED_FUNCTION = YES;
				GCC_WARN_UNUSED_VARIABLE = YES;
				IPHONEOS_DEPLOYMENT_TARGET = 12.1;
				MTL_ENABLE_DEBUG_INFO = INCLUDE_SOURCE;
				MTL_FAST_MATH = YES;
				ONLY_ACTIVE_ARCH = YES;
				SDKROOT = iphoneos;
				SWIFT_ACTIVE_COMPILATION_CONDITIONS = DEBUG;
				SWIFT_OPTIMIZATION_LEVEL = "-Onone";
			};
			name = Debug;
		};
		FFA258C221DF5BD6007741E2 /* Release */ = {
			isa = XCBuildConfiguration;
			buildSettings = {
				ALWAYS_SEARCH_USER_PATHS = NO;
				CLANG_ANALYZER_NONNULL = YES;
				CLANG_ANALYZER_NUMBER_OBJECT_CONVERSION = YES_AGGRESSIVE;
				CLANG_CXX_LANGUAGE_STANDARD = "gnu++14";
				CLANG_CXX_LIBRARY = "libc++";
				CLANG_ENABLE_MODULES = YES;
				CLANG_ENABLE_OBJC_ARC = YES;
				CLANG_ENABLE_OBJC_WEAK = YES;
				CLANG_WARN_BLOCK_CAPTURE_AUTORELEASING = YES;
				CLANG_WARN_BOOL_CONVERSION = YES;
				CLANG_WARN_COMMA = YES;
				CLANG_WARN_CONSTANT_CONVERSION = YES;
				CLANG_WARN_DEPRECATED_OBJC_IMPLEMENTATIONS = YES;
				CLANG_WARN_DIRECT_OBJC_ISA_USAGE = YES_ERROR;
				CLANG_WARN_DOCUMENTATION_COMMENTS = YES;
				CLANG_WARN_EMPTY_BODY = YES;
				CLANG_WARN_ENUM_CONVERSION = YES;
				CLANG_WARN_INFINITE_RECURSION = YES;
				CLANG_WARN_INT_CONVERSION = YES;
				CLANG_WARN_NON_LITERAL_NULL_CONVERSION = YES;
				CLANG_WARN_OBJC_IMPLICIT_RETAIN_SELF = YES;
				CLANG_WARN_OBJC_LITERAL_CONVERSION = YES;
				CLANG_WARN_OBJC_ROOT_CLASS = YES_ERROR;
				CLANG_WARN_RANGE_LOOP_ANALYSIS = YES;
				CLANG_WARN_STRICT_PROTOTYPES = YES;
				CLANG_WARN_SUSPICIOUS_MOVE = YES;
				CLANG_WARN_UNGUARDED_AVAILABILITY = YES_AGGRESSIVE;
				CLANG_WARN_UNREACHABLE_CODE = YES;
				CLANG_WARN__DUPLICATE_METHOD_MATCH = YES;
				CODE_SIGN_IDENTITY = "iPhone Developer";
				COPY_PHASE_STRIP = NO;
				DEBUG_INFORMATION_FORMAT = "dwarf-with-dsym";
				ENABLE_NS_ASSERTIONS = NO;
				ENABLE_STRICT_OBJC_MSGSEND = YES;
				GCC_C_LANGUAGE_STANDARD = gnu11;
				GCC_NO_COMMON_BLOCKS = YES;
				GCC_WARN_64_TO_32_BIT_CONVERSION = YES;
				GCC_WARN_ABOUT_RETURN_TYPE = YES_ERROR;
				GCC_WARN_UNDECLARED_SELECTOR = YES;
				GCC_WARN_UNINITIALIZED_AUTOS = YES_AGGRESSIVE;
				GCC_WARN_UNUSED_FUNCTION = YES;
				GCC_WARN_UNUSED_VARIABLE = YES;
				IPHONEOS_DEPLOYMENT_TARGET = 12.1;
				MTL_ENABLE_DEBUG_INFO = NO;
				MTL_FAST_MATH = YES;
				SDKROOT = iphoneos;
				SWIFT_COMPILATION_MODE = wholemodule;
				SWIFT_OPTIMIZATION_LEVEL = "-O";
				VALIDATE_PRODUCT = YES;
			};
			name = Release;
		};
		FFA258C421DF5BD6007741E2 /* Debug */ = {
			isa = XCBuildConfiguration;
			buildSettings = {
				ASSETCATALOG_COMPILER_APPICON_NAME = AppIcon;
				CODE_SIGN_STYLE = Automatic;
				DEVELOPMENT_TEAM = 6RX83YVJ5G;
				INFOPLIST_FILE = UIViewPropertyAnimator/Info.plist;
				LD_RUNPATH_SEARCH_PATHS = (
					"$(inherited)",
					"@executable_path/Frameworks",
				);
				PRODUCT_BUNDLE_IDENTIFIER = com.vermau.UIViewPropertyAnimator;
				PRODUCT_NAME = "$(TARGET_NAME)";
				SWIFT_VERSION = 4.2;
				TARGETED_DEVICE_FAMILY = "1,2";
			};
			name = Debug;
		};
		FFA258C521DF5BD6007741E2 /* Release */ = {
			isa = XCBuildConfiguration;
			buildSettings = {
				ASSETCATALOG_COMPILER_APPICON_NAME = AppIcon;
				CODE_SIGN_STYLE = Automatic;
				DEVELOPMENT_TEAM = 6RX83YVJ5G;
				INFOPLIST_FILE = UIViewPropertyAnimator/Info.plist;
				LD_RUNPATH_SEARCH_PATHS = (
					"$(inherited)",
					"@executable_path/Frameworks",
				);
				PRODUCT_BUNDLE_IDENTIFIER = com.vermau.UIViewPropertyAnimator;
				PRODUCT_NAME = "$(TARGET_NAME)";
				SWIFT_VERSION = 4.2;
				TARGETED_DEVICE_FAMILY = "1,2";
			};
			name = Release;
		};
/* End XCBuildConfiguration section */

/* Begin XCConfigurationList section */
		FFA258AC21DF5BD5007741E2 /* Build configuration list for PBXProject "UIViewPropertyAnimator" */ = {
			isa = XCConfigurationList;
			buildConfigurations = (
				FFA258C121DF5BD6007741E2 /* Debug */,
				FFA258C221DF5BD6007741E2 /* Release */,
			);
			defaultConfigurationIsVisible = 0;
			defaultConfigurationName = Release;
		};
		FFA258C321DF5BD6007741E2 /* Build configuration list for PBXNativeTarget "UIViewPropertyAnimator" */ = {
			isa = XCConfigurationList;
			buildConfigurations = (
				FFA258C421DF5BD6007741E2 /* Debug */,
				FFA258C521DF5BD6007741E2 /* Release */,
			);
			defaultConfigurationIsVisible = 0;
			defaultConfigurationName = Release;
		};
/* End XCConfigurationList section */
	};
	rootObject = FFA258A921DF5BD5007741E2 /* Project object */;
}
