// !$*UTF8*$!
{
	archiveVersion = 1;
	classes = {
	};
	objectVersion = 50;
	objects = {

/* Begin PBXBuildFile section */
		FF5C806C21E653D0004D8921 /* AppDelegate.swift in Sources */ = {isa = PBXBuildFile; fileRef = FF5C806B21E653D0004D8921 /* AppDelegate.swift */; };
		FF5C806E21E653D0004D8921 /* ViewController.swift in Sources */ = {isa = PBXBuildFile; fileRef = FF5C806D21E653D0004D8921 /* ViewController.swift */; };
		FF5C807121E653D0004D8921 /* Main.storyboard in Resources */ = {isa = PBXBuildFile; fileRef = FF5C806F21E653D0004D8921 /* Main.storyboard */; };
		FF5C807321E653D2004D8921 /* Assets.xcassets in Resources */ = {isa = PBXBuildFile; fileRef = FF5C807221E653D2004D8921 /* Assets.xcassets */; };
		FF5C807621E653D2004D8921 /* LaunchScreen.storyboard in Resources */ = {isa = PBXBuildFile; fileRef = FF5C807421E653D2004D8921 /* LaunchScreen.storyboard */; };
		FF5C808221E656FA004D8921 /* c.mp3 in Resources */ = {isa = PBXBuildFile; fileRef = FF5C807E21E656FA004D8921 /* c.mp3 */; };
		FF5C808321E656FA004D8921 /* d.mp3 in Resources */ = {isa = PBXBuildFile; fileRef = FF5C807F21E656FA004D8921 /* d.mp3 */; };
		FF5C808421E656FA004D8921 /* a.mp3 in Resources */ = {isa = PBXBuildFile; fileRef = FF5C808021E656FA004D8921 /* a.mp3 */; };
		FF5C808521E656FA004D8921 /* b.mp3 in Resources */ = {isa = PBXBuildFile; fileRef = FF5C808121E656FA004D8921 /* b.mp3 */; };
/* End PBXBuildFile section */

/* Begin PBXFileReference section */
		FF5C806821E653D0004D8921 /* Soundboard.app */ = {isa = PBXFileReference; explicitFileType = wrapper.application; includeInIndex = 0; path = Soundboard.app; sourceTree = BUILT_PRODUCTS_DIR; };
		FF5C806B21E653D0004D8921 /* AppDelegate.swift */ = {isa = PBXFileReference; lastKnownFileType = sourcecode.swift; path = AppDelegate.swift; sourceTree = "<group>"; };
		FF5C806D21E653D0004D8921 /* ViewController.swift */ = {isa = PBXFileReference; lastKnownFileType = sourcecode.swift; path = ViewController.swift; sourceTree = "<group>"; };
		FF5C807021E653D0004D8921 /* Base */ = {isa = PBXFileReference; lastKnownFileType = file.storyboard; name = Base; path = Base.lproj/Main.storyboard; sourceTree = "<group>"; };
		FF5C807221E653D2004D8921 /* Assets.xcassets */ = {isa = PBXFileReference; lastKnownFileType = folder.assetcatalog; path = Assets.xcassets; sourceTree = "<group>"; };
		FF5C807521E653D2004D8921 /* Base */ = {isa = PBXFileReference; lastKnownFileType = file.storyboard; name = Base; path = Base.lproj/LaunchScreen.storyboard; sourceTree = "<group>"; };
		FF5C807721E653D2004D8921 /* Info.plist */ = {isa = PBXFileReference; lastKnownFileType = text.plist.xml; path = Info.plist; sourceTree = "<group>"; };
		FF5C807E21E656FA004D8921 /* c.mp3 */ = {isa = PBXFileReference; lastKnownFileType = audio.mp3; path = c.mp3; sourceTree = "<group>"; };
		FF5C807F21E656FA004D8921 /* d.mp3 */ = {isa = PBXFileReference; lastKnownFileType = audio.mp3; path = d.mp3; sourceTree = "<group>"; };
		FF5C808021E656FA004D8921 /* a.mp3 */ = {isa = PBXFileReference; lastKnownFileType = audio.mp3; path = a.mp3; sourceTree = "<group>"; };
		FF5C808121E656FA004D8921 /* b.mp3 */ = {isa = PBXFileReference; lastKnownFileType = audio.mp3; path = b.mp3; sourceTree = "<group>"; };
/* End PBXFileReference section */

/* Begin PBXFrameworksBuildPhase section */
		FF5C806521E653D0004D8921 /* Frameworks */ = {
			isa = PBXFrameworksBuildPhase;
			buildActionMask = 2147483647;
			files = (
			);
			runOnlyForDeploymentPostprocessing = 0;
		};
/* End PBXFrameworksBuildPhase section */

/* Begin PBXGroup section */
		FF5C805F21E653D0004D8921 = {
			isa = PBXGroup;
			children = (
				FF5C806A21E653D0004D8921 /* Soundboard */,
				FF5C806921E653D0004D8921 /* Products */,
			);
			sourceTree = "<group>";
		};
		FF5C806921E653D0004D8921 /* Products */ = {
			isa = PBXGroup;
			children = (
				FF5C806821E653D0004D8921 /* Soundboard.app */,
			);
			name = Products;
			sourceTree = "<group>";
		};
		FF5C806A21E653D0004D8921 /* Soundboard */ = {
			isa = PBXGroup;
			children = (
				FF5C807D21E656E5004D8921 /* Sounds */,
				FF5C806B21E653D0004D8921 /* AppDelegate.swift */,
				FF5C806D21E653D0004D8921 /* ViewController.swift */,
				FF5C806F21E653D0004D8921 /* Main.storyboard */,
				FF5C807221E653D2004D8921 /* Assets.xcassets */,
				FF5C807421E653D2004D8921 /* LaunchScreen.storyboard */,
				FF5C807721E653D2004D8921 /* Info.plist */,
			);
			path = Soundboard;
			sourceTree = "<group>";
		};
		FF5C807D21E656E5004D8921 /* Sounds */ = {
			isa = PBXGroup;
			children = (
				FF5C808021E656FA004D8921 /* a.mp3 */,
				FF5C808121E656FA004D8921 /* b.mp3 */,
				FF5C807E21E656FA004D8921 /* c.mp3 */,
				FF5C807F21E656FA004D8921 /* d.mp3 */,
			);
			path = Sounds;
			sourceTree = "<group>";
		};
/* End PBXGroup section */

/* Begin PBXNativeTarget section */
		FF5C806721E653D0004D8921 /* Soundboard */ = {
			isa = PBXNativeTarget;
			buildConfigurationList = FF5C807A21E653D2004D8921 /* Build configuration list for PBXNativeTarget "Soundboard" */;
			buildPhases = (
				FF5C806421E653D0004D8921 /* Sources */,
				FF5C806521E653D0004D8921 /* Frameworks */,
				FF5C806621E653D0004D8921 /* Resources */,
			);
			buildRules = (
			);
			dependencies = (
			);
			name = Soundboard;
			productName = Soundboard;
			productReference = FF5C806821E653D0004D8921 /* Soundboard.app */;
			productType = "com.apple.product-type.application";
		};
/* End PBXNativeTarget section */

/* Begin PBXProject section */
		FF5C806021E653D0004D8921 /* Project object */ = {
			isa = PBXProject;
			attributes = {
				LastSwiftUpdateCheck = 1010;
				LastUpgradeCheck = 1010;
				ORGANIZATIONNAME = "Ujjwal Verma";
				TargetAttributes = {
					FF5C806721E653D0004D8921 = {
						CreatedOnToolsVersion = 10.1;
					};
				};
			};
			buildConfigurationList = FF5C806321E653D0004D8921 /* Build configuration list for PBXProject "Soundboard" */;
			compatibilityVersion = "Xcode 9.3";
			developmentRegion = en;
			hasScannedForEncodings = 0;
			knownRegions = (
				en,
				Base,
			);
			mainGroup = FF5C805F21E653D0004D8921;
			productRefGroup = FF5C806921E653D0004D8921 /* Products */;
			projectDirPath = "";
			projectRoot = "";
			targets = (
				FF5C806721E653D0004D8921 /* Soundboard */,
			);
		};
/* End PBXProject section */

/* Begin PBXResourcesBuildPhase section */
		FF5C806621E653D0004D8921 /* Resources */ = {
			isa = PBXResourcesBuildPhase;
			buildActionMask = 2147483647;
			files = (
				FF5C808421E656FA004D8921 /* a.mp3 in Resources */,
				FF5C807621E653D2004D8921 /* LaunchScreen.storyboard in Resources */,
				FF5C808521E656FA004D8921 /* b.mp3 in Resources */,
				FF5C807321E653D2004D8921 /* Assets.xcassets in Resources */,
				FF5C808321E656FA004D8921 /* d.mp3 in Resources */,
				FF5C808221E656FA004D8921 /* c.mp3 in Resources */,
				FF5C807121E653D0004D8921 /* Main.storyboard in Resources */,
			);
			runOnlyForDeploymentPostprocessing = 0;
		};
/* End PBXResourcesBuildPhase section */

/* Begin PBXSourcesBuildPhase section */
		FF5C806421E653D0004D8921 /* Sources */ = {
			isa = PBXSourcesBuildPhase;
			buildActionMask = 2147483647;
			files = (
				FF5C806E21E653D0004D8921 /* ViewController.swift in Sources */,
				FF5C806C21E653D0004D8921 /* AppDelegate.swift in Sources */,
			);
			runOnlyForDeploymentPostprocessing = 0;
		};
/* End PBXSourcesBuildPhase section */

/* Begin PBXVariantGroup section */
		FF5C806F21E653D0004D8921 /* Main.storyboard */ = {
			isa = PBXVariantGroup;
			children = (
				FF5C807021E653D0004D8921 /* Base */,
			);
			name = Main.storyboard;
			sourceTree = "<group>";
		};
		FF5C807421E653D2004D8921 /* LaunchScreen.storyboard */ = {
			isa = PBXVariantGroup;
			children = (
				FF5C807521E653D2004D8921 /* Base */,
			);
			name = LaunchScreen.storyboard;
			sourceTree = "<group>";
		};
/* End PBXVariantGroup section */

/* Begin XCBuildConfiguration section */
		FF5C807821E653D2004D8921 /* Debug */ = {
			isa = XCBuildConfiguration;
			buildSettings = {
				ALWAYS_SEARCH_USER_PATHS = NO;
				CLANG_ANALYZER_NONNULL = YES;
				CLANG_ANALYZER_NUMBER_OBJECT_CONVERSION = YES_AGGRESSIVE;
				CLANG_CXX_LANGUAGE_STANDARD = "gnu++14";
				CLANG_CXX_LIBRARY = "libc++";
				CLANG_ENABLE_MODULES = YES;
				CLANG_ENABLE_OBJC_ARC = YES;
				CLANG_ENABLE_OBJC_WEAK = YES;
				CLANG_WARN_BLOCK_CAPTURE_AUTORELEASING = YES;
				CLANG_WARN_BOOL_CONVERSION = YES;
				CLANG_WARN_COMMA = YES;
				CLANG_WARN_CONSTANT_CONVERSION = YES;
				CLANG_WARN_DEPRECATED_OBJC_IMPLEMENTATIONS = YES;
				CLANG_WARN_DIRECT_OBJC_ISA_USAGE = YES_ERROR;
				CLANG_WARN_DOCUMENTATION_COMMENTS = YES;
				CLANG_WARN_EMPTY_BODY = YES;
				CLANG_WARN_ENUM_CONVERSION = YES;
				CLANG_WARN_INFINITE_RECURSION = YES;
				CLANG_WARN_INT_CONVERSION = YES;
				CLANG_WARN_NON_LITERAL_NULL_CONVERSION = YES;
				CLANG_WARN_OBJC_IMPLICIT_RETAIN_SELF = YES;
				CLANG_WARN_OBJC_LITERAL_CONVERSION = YES;
				CLANG_WARN_OBJC_ROOT_CLASS = YES_ERROR;
				CLANG_WARN_RANGE_LOOP_ANALYSIS = YES;
				CLANG_WARN_STRICT_PROTOTYPES = YES;
				CLANG_WARN_SUSPICIOUS_MOVE = YES;
				CLANG_WARN_UNGUARDED_AVAILABILITY = YES_AGGRESSIVE;
				CLANG_WARN_UNREACHABLE_CODE = YES;
				CLANG_WARN__DUPLICATE_METHOD_MATCH = YES;
				CODE_SIGN_IDENTITY = "iPhone Developer";
				COPY_PHASE_STRIP = NO;
				DEBUG_INFORMATION_FORMAT = dwarf;
				ENABLE_STRICT_OBJC_MSGSEND = YES;
				ENABLE_TESTABILITY = YES;
				GCC_C_LANGUAGE_STANDARD = gnu11;
				GCC_DYNAMIC_NO_PIC = NO;
				GCC_NO_COMMON_BLOCKS = YES;
				GCC_OPTIMIZATION_LEVEL = 0;
				GCC_PREPROCESSOR_DEFINITIONS = (
					"DEBUG=1",
					"$(inherited)",
				);
				GCC_WARN_64_TO_32_BIT_CONVERSION = YES;
				GCC_WARN_ABOUT_RETURN_TYPE = YES_ERROR;
				GCC_WARN_UNDECLARED_SELECTOR = YES;
				GCC_WARN_UNINITIALIZED_AUTOS = YES_AGGRESSIVE;
				GCC_WARN_UNUSED_FUNCTION = YES;
				GCC_WARN_UNUSED_VARIABLE = YES;
				IPHONEOS_DEPLOYMENT_TARGET = 12.1;
				MTL_ENABLE_DEBUG_INFO = INCLUDE_SOURCE;
				MTL_FAST_MATH = YES;
				ONLY_ACTIVE_ARCH = YES;
				SDKROOT = iphoneos;
				SWIFT_ACTIVE_COMPILATION_CONDITIONS = DEBUG;
				SWIFT_OPTIMIZATION_LEVEL = "-Onone";
			};
			name = Debug;
		};
		FF5C807921E653D2004D8921 /* Release */ = {
			isa = XCBuildConfiguration;
			buildSettings = {
				ALWAYS_SEARCH_USER_PATHS = NO;
				CLANG_ANALYZER_NONNULL = YES;
				CLANG_ANALYZER_NUMBER_OBJECT_CONVERSION = YES_AGGRESSIVE;
				CLANG_CXX_LANGUAGE_STANDARD = "gnu++14";
				CLANG_CXX_LIBRARY = "libc++";
				CLANG_ENABLE_MODULES = YES;
				CLANG_ENABLE_OBJC_ARC = YES;
				CLANG_ENABLE_OBJC_WEAK = YES;
				CLANG_WARN_BLOCK_CAPTURE_AUTORELEASING = YES;
				CLANG_WARN_BOOL_CONVERSION = YES;
				CLANG_WARN_COMMA = YES;
				CLANG_WARN_CONSTANT_CONVERSION = YES;
				CLANG_WARN_DEPRECATED_OBJC_IMPLEMENTATIONS = YES;
				CLANG_WARN_DIRECT_OBJC_ISA_USAGE = YES_ERROR;
				CLANG_WARN_DOCUMENTATION_COMMENTS = YES;
				CLANG_WARN_EMPTY_BODY = YES;
				CLANG_WARN_ENUM_CONVERSION = YES;
				CLANG_WARN_INFINITE_RECURSION = YES;
				CLANG_WARN_INT_CONVERSION = YES;
				CLANG_WARN_NON_LITERAL_NULL_CONVERSION = YES;
				CLANG_WARN_OBJC_IMPLICIT_RETAIN_SELF = YES;
				CLANG_WARN_OBJC_LITERAL_CONVERSION = YES;
				CLANG_WARN_OBJC_ROOT_CLASS = YES_ERROR;
				CLANG_WARN_RANGE_LOOP_ANALYSIS = YES;
				CLANG_WARN_STRICT_PROTOTYPES = YES;
				CLANG_WARN_SUSPICIOUS_MOVE = YES;
				CLANG_WARN_UNGUARDED_AVAILABILITY = YES_AGGRESSIVE;
				CLANG_WARN_UNREACHABLE_CODE = YES;
				CLANG_WARN__DUPLICATE_METHOD_MATCH = YES;
				CODE_SIGN_IDENTITY = "iPhone Developer";
				COPY_PHASE_STRIP = NO;
				DEBUG_INFORMATION_FORMAT = "dwarf-with-dsym";
				ENABLE_NS_ASSERTIONS = NO;
				ENABLE_STRICT_OBJC_MSGSEND = YES;
				GCC_C_LANGUAGE_STANDARD = gnu11;
				GCC_NO_COMMON_BLOCKS = YES;
				GCC_WARN_64_TO_32_BIT_CONVERSION = YES;
				GCC_WARN_ABOUT_RETURN_TYPE = YES_ERROR;
				GCC_WARN_UNDECLARED_SELECTOR = YES;
				GCC_WARN_UNINITIALIZED_AUTOS = YES_AGGRESSIVE;
				GCC_WARN_UNUSED_FUNCTION = YES;
				GCC_WARN_UNUSED_VARIABLE = YES;
				IPHONEOS_DEPLOYMENT_TARGET = 12.1;
				MTL_ENABLE_DEBUG_INFO = NO;
				MTL_FAST_MATH = YES;
				SDKROOT = iphoneos;
				SWIFT_COMPILATION_MODE = wholemodule;
				SWIFT_OPTIMIZATION_LEVEL = "-O";
				VALIDATE_PRODUCT = YES;
			};
			name = Release;
		};
		FF5C807B21E653D2004D8921 /* Debug */ = {
			isa = XCBuildConfiguration;
			buildSettings = {
				ASSETCATALOG_COMPILER_APPICON_NAME = AppIcon;
				CODE_SIGN_STYLE = Automatic;
				DEVELOPMENT_TEAM = 6RX83YVJ5G;
				INFOPLIST_FILE = Soundboard/Info.plist;
				LD_RUNPATH_SEARCH_PATHS = (
					"$(inherited)",
					"@executable_path/Frameworks",
				);
				PRODUCT_BUNDLE_IDENTIFIER = com.vermau.Soundboard;
				PRODUCT_NAME = "$(TARGET_NAME)";
				SWIFT_VERSION = 4.2;
				TARGETED_DEVICE_FAMILY = "1,2";
			};
			name = Debug;
		};
		FF5C807C21E653D2004D8921 /* Release */ = {
			isa = XCBuildConfiguration;
			buildSettings = {
				ASSETCATALOG_COMPILER_APPICON_NAME = AppIcon;
				CODE_SIGN_STYLE = Automatic;
				DEVELOPMENT_TEAM = 6RX83YVJ5G;
				INFOPLIST_FILE = Soundboard/Info.plist;
				LD_RUNPATH_SEARCH_PATHS = (
					"$(inherited)",
					"@executable_path/Frameworks",
				);
				PRODUCT_BUNDLE_IDENTIFIER = com.vermau.Soundboard;
				PRODUCT_NAME = "$(TARGET_NAME)";
				SWIFT_VERSION = 4.2;
				TARGETED_DEVICE_FAMILY = "1,2";
			};
			name = Release;
		};
/* End XCBuildConfiguration section */

/* Begin XCConfigurationList section */
		FF5C806321E653D0004D8921 /* Build configuration list for PBXProject "Soundboard" */ = {
			isa = XCConfigurationList;
			buildConfigurations = (
				FF5C807821E653D2004D8921 /* Debug */,
				FF5C807921E653D2004D8921 /* Release */,
			);
			defaultConfigurationIsVisible = 0;
			defaultConfigurationName = Release;
		};
		FF5C807A21E653D2004D8921 /* Build configuration list for PBXNativeTarget "Soundboard" */ = {
			isa = XCConfigurationList;
			buildConfigurations = (
				FF5C807B21E653D2004D8921 /* Debug */,
				FF5C807C21E653D2004D8921 /* Release */,
			);
			defaultConfigurationIsVisible = 0;
			defaultConfigurationName = Release;
		};
/* End XCConfigurationList section */
	};
	rootObject = FF5C806021E653D0004D8921 /* Project object */;
}
